{
  "name": "@melodysdad/pm-transition-handlers",
  "version": "1.0.2",
  "lockfileVersion": 3,
  "requires": true,
  "packages": {
    "": {
      "name": "@melodysdad/pm-transition-handlers",
      "version": "1.0.2",
      "dependencies": {
        "zod": "^3.22.0"
      },
      "peerDependencies": {
        "@melodysdad/pm-models": "^1.0.0"
      }
    },
    "node_modules/@melodysdad/pm-models": {
      "version": "1.0.1",
      "resolved": "https://npm.pkg.github.com/download/@melodysdad/pm-models/1.0.1/f45d9aaff11fd907616fe47d1c1d4425a033b2ed",
      "integrity": "sha512-wyhR/YxQ3R/LiPjsy6Afneu2Xd1vV6sngh+AaSnf5z4MCiWKHaUvpejRym6qMFNOlLvIVLbEtYJxDsEf8sGibQ==",
      "peer": true,
      "dependencies": {
        "zod": "^3.22.0"
      }
    },
    "node_modules/zod": {
      "version": "3.25.76",
      "resolved": "https://registry.npmjs.org/zod/-/zod-3.25.76.tgz",
      "integrity": "sha512-gzUt/qt81nXsFGKIFcC3YnfEAx5NkunCfnDlvuBSSFS02bcXu4Lmea0AFIUwbLWxWPx3d9p8S5QoaujKcNQxcQ==",
      "license": "MIT",
      "funding": {
        "url": "https://github.com/sponsors/colinhacks"
      }
    }
  }
}
